# THIS IS AN AUTOGENERATED FILE. DO NOT EDIT THIS FILE DIRECTLY.
# yarn lockfile v1


"@types/geojson@*":
  version "7946.0.7"
  resolved "https://registry.yarnpkg.com/@types/geojson/-/geojson-7946.0.7.tgz#c8fa532b60a0042219cdf173ca21a975ef0666ad"
  integrity sha512-wE2v81i4C4Ol09RtsWFAqg3BUitWbHSpSlIo+bNdsCJijO9sjme+zm+73ZMCa/qMC8UEERxzGbvmr1cffo2SiQ==

"@types/leaflet@^1.7.0":
  version "1.7.0"
  resolved "https://registry.yarnpkg.com/@types/leaflet/-/leaflet-1.7.0.tgz#3700fb5d29a8214fbd496565b08ec28e40cee808"
  integrity sha512-ltv5jR+VjKSMtoDkxH61Rsbo0zLU7iqyOXpVPkAX4F+79fg2eymC7t0msWsfNaEZO1FGTIQATCCCQe+ijWoicg==
  dependencies:
    "@types/geojson" "*"

"@types/luxon@^1.26.3":
  version "1.26.3"
  resolved "https://registry.yarnpkg.com/@types/luxon/-/luxon-1.26.3.tgz#3d548f5f6f59723c292a8545da97631a85738b95"
  integrity sha512-2TELN+Pd3Ocde87sKJMSQ9Wdj0zc/okHK3/+fOQHr3CaWv4jtVtcMzmt1Foww1+5YvPd9B5vL3XR6u5KF0daEA==

align-text@^0.1.1, align-text@^0.1.3:
  version "0.1.4"
  resolved "https://registry.yarnpkg.com/align-text/-/align-text-0.1.4.tgz#0cd90a561093f35d0a99256c22b7069433fad117"
  integrity sha1-DNkKVhCT810KmSVsIrcGlDP60Rc=
  dependencies:
    kind-of "^3.0.2"
    longest "^1.0.1"
    repeat-string "^1.5.2"

camelcase@^1.0.2:
  version "1.2.1"
  resolved "https://registry.yarnpkg.com/camelcase/-/camelcase-1.2.1.tgz#9bb5304d2e0b56698b2c758b08a3eaa9daa58a39"
  integrity sha1-m7UwTS4LVmmLLHWLCKPqqdqlijk=

center-align@^0.1.1:
  version "0.1.3"
  resolved "https://registry.yarnpkg.com/center-align/-/center-align-0.1.3.tgz#aa0d32629b6ee972200411cbd4461c907bc2b7ad"
  integrity sha1-qg0yYptu6XIgBBHL1EYckHvCt60=
  dependencies:
    align-text "^0.1.3"
    lazy-cache "^1.0.3"

cliui@^2.1.0:
  version "2.1.0"
  resolved "https://registry.yarnpkg.com/cliui/-/cliui-2.1.0.tgz#4b475760ff80264c762c3a1719032e91c7fea0d1"
  integrity sha1-S0dXYP+AJkx2LDoXGQMukcf+oNE=
  dependencies:
    center-align "^0.1.1"
    right-align "^0.1.1"
    wordwrap "0.0.2"

country-language@^0.1.7:
  version "0.1.7"
  resolved "https://registry.yarnpkg.com/country-language/-/country-language-0.1.7.tgz#7870f4ba125db9a6071f19737bd9ef9343ae35db"
  integrity sha1-eHD0uhJduaYHHxlze9nvk0OuNds=
  dependencies:
    underscore "~1.7.0"
    underscore.deep "~0.5.1"

decamelize@^1.0.0:
  version "1.2.0"
  resolved "https://registry.yarnpkg.com/decamelize/-/decamelize-1.2.0.tgz#f6534d15148269b20352e7bee26f501f9a191290"
  integrity sha1-9lNNFRSCabIDUue+4m9QH5oZEpA=

esbuild@^0.11.5:
  version "0.11.5"
  resolved "https://registry.yarnpkg.com/esbuild/-/esbuild-0.11.5.tgz#25b18a2ff2fb9580683edce26a48f64c08c2f2df"
  integrity sha512-aRs6jAE+bVRp1tyfzUugAw1T/Y0Fwzp4Z2ROikF3h+UifoD5QlEbEYQGc6orNnnSIRhWR5VWBH7LozlAumaLHg==

i18next-client@^1.11.5:
  version "1.11.5"
  resolved "https://registry.yarnpkg.com/i18next-client/-/i18next-client-1.11.5.tgz#4d3e434929d7855d994296b9593849a1e1f1f7c3"
  integrity sha1-TT5DSSnXhV2ZQpa5WThJoeHx98M=

is-buffer@^1.1.5:
  version "1.1.6"
  resolved "https://registry.yarnpkg.com/is-buffer/-/is-buffer-1.1.6.tgz#efaa2ea9daa0d7ab2ea13a97b2b8ad51fefbe8be"
  integrity sha512-NcdALwpXkTm5Zvvbk7owOUSvVvBKDgKP5/ewfXEznmQFfs4ZRmanOeKBTjRVjka3QFoN6XJ+9F3USqfHqTaU5w==

kind-of@^3.0.2:
  version "3.2.2"
  resolved "https://registry.yarnpkg.com/kind-of/-/kind-of-3.2.2.tgz#31ea21a734bab9bbb0f32466d893aea51e4a3c64"
  integrity sha1-MeohpzS6ubuw8yRm2JOupR5KPGQ=
  dependencies:
    is-buffer "^1.1.5"

lazy-cache@^1.0.3:
  version "1.0.4"
  resolved "https://registry.yarnpkg.com/lazy-cache/-/lazy-cache-1.0.4.tgz#a1d78fc3a50474cb80845d3b3b6e1da49a446e8e"
  integrity sha1-odePw6UEdMuAhF07O24dpJpEbo4=

leaflet.locatecontrol@^0.65.1:
  version "0.65.2"
  resolved "https://registry.yarnpkg.com/leaflet.locatecontrol/-/leaflet.locatecontrol-0.65.2.tgz#22d3f79fa32f2ae56c4ed933957ed627a96e905d"
  integrity sha512-1K7iCt0Uxu6uZmHoCgWZKIX2KckiQB04/KV8tpLwU8/Fy8iD2HLfuRxKXMCyEVKp/zBc2Qbp2SoEX9rdK3SMvQ==

leaflet@^1.3.1:
  version "1.5.1"
  resolved "https://registry.yarnpkg.com/leaflet/-/leaflet-1.5.1.tgz#9afb9d963d66c870066b1342e7a06f92840f46bf"
  integrity sha512-ekM9KAeG99tYisNBg0IzEywAlp0hYI5XRipsqRXyRTeuU8jcuntilpp+eFf5gaE0xubc9RuSNIVtByEKwqFV0w==

longest@^1.0.1:
  version "1.0.1"
  resolved "https://registry.yarnpkg.com/longest/-/longest-1.0.1.tgz#30a0b2da38f73770e8294a0d22e6625ed77d0097"
  integrity sha1-MKCy2jj3N3DoKUoNIuZiXtd9AJc=

luxon@^1.26.0:
  version "1.26.0"
  resolved "https://registry.yarnpkg.com/luxon/-/luxon-1.26.0.tgz#d3692361fda51473948252061d0f8561df02b578"
  integrity sha512-+V5QIQ5f6CDXQpWNICELwjwuHdqeJM1UenlZWx5ujcRMc9venvluCjFb4t5NYLhb6IhkbMVOxzVuOqkgMxee2A==

moment@^2.20.1:
  version "2.24.0"
  resolved "https://registry.yarnpkg.com/moment/-/moment-2.24.0.tgz#0d055d53f5052aa653c9f6eb68bb5d12bf5c2b5b"
  integrity sha512-bV7f+6l2QigeBBZSM/6yTNq4P2fNpSWj/0e7jQcy87A8e7o2nAfP/34/2ky5Vw4B9S446EtIhodAzkFCcR4dQg==

opening_hours@^3.5.0:
  version "3.5.0"
  resolved "https://registry.yarnpkg.com/opening_hours/-/opening_hours-3.5.0.tgz#d66a6329c79188dc84544393fc732cc7b826e72e"
  integrity sha1-1mpjKceRiNyEVEOT/HMsx7gm5y4=
  dependencies:
    suncalc "^1.8.0"
    uglify-js "^2.7.5"

repeat-string@^1.5.2:
  version "1.6.1"
  resolved "https://registry.yarnpkg.com/repeat-string/-/repeat-string-1.6.1.tgz#8dcae470e1c88abc2d600fff4a776286da75e637"
  integrity sha1-jcrkcOHIirwtYA//Sndihtp15jc=

right-align@^0.1.1:
  version "0.1.3"
  resolved "https://registry.yarnpkg.com/right-align/-/right-align-0.1.3.tgz#61339b722fe6a3515689210d24e14c96148613ef"
  integrity sha1-YTObci/mo1FWiSENJOFMlhSGE+8=
  dependencies:
    align-text "^0.1.1"

source-map@~0.5.1:
  version "0.5.7"
  resolved "https://registry.yarnpkg.com/source-map/-/source-map-0.5.7.tgz#8a039d2d1021d22d1ea14c80d8ea468ba2ef3fcc"
  integrity sha1-igOdLRAh0i0eoUyA2OpGi6LvP8w=

suncalc@^1.8.0:
  version "1.8.0"
  resolved "https://registry.yarnpkg.com/suncalc/-/suncalc-1.8.0.tgz#1d9898109563078750f4994a959e654d876acbf5"
  integrity sha1-HZiYEJVjB4dQ9JlKlZ5lTYdqy/U=

typescript@^4.2.3:
  version "4.2.3"
  resolved "https://registry.yarnpkg.com/typescript/-/typescript-4.2.3.tgz#39062d8019912d43726298f09493d598048c1ce3"
  integrity sha512-qOcYwxaByStAWrBf4x0fibwZvMRG+r4cQoTjbPtUlrWjBHbmCAww1i448U0GJ+3cNNEtebDteo/cHOR3xJ4wEw==

uglify-js@^2.7.5:
  version "2.8.29"
  resolved "https://registry.yarnpkg.com/uglify-js/-/uglify-js-2.8.29.tgz#29c5733148057bb4e1f75df35b7a9cb72e6a59dd"
  integrity sha1-KcVzMUgFe7Th913zW3qcty5qWd0=
  dependencies:
    source-map "~0.5.1"
    yargs "~3.10.0"
  optionalDependencies:
    uglify-to-browserify "~1.0.0"

uglify-to-browserify@~1.0.0:
  version "1.0.2"
  resolved "https://registry.yarnpkg.com/uglify-to-browserify/-/uglify-to-browserify-1.0.2.tgz#6e0924d6bda6b5afe349e39a6d632850a0f882b7"
  integrity sha1-bgkk1r2mta/jSeOabWMoUKD4grc=

underscore.deep@~0.5.1:
  version "0.5.1"
  resolved "https://registry.yarnpkg.com/underscore.deep/-/underscore.deep-0.5.1.tgz#072671f48d68735c34223fcfef63e69e5276cc2b"
  integrity sha1-ByZx9I1oc1w0Ij/P72PmnlJ2zCs=

underscore@~1.7.0:
  version "1.7.0"
  resolved "https://registry.yarnpkg.com/underscore/-/underscore-1.7.0.tgz#6bbaf0877500d36be34ecaa584e0db9fef035209"
  integrity sha1-a7rwh3UA02vjTsqlhODbn+8DUgk=

window-size@0.1.0:
  version "0.1.0"
  resolved "https://registry.yarnpkg.com/window-size/-/window-size-0.1.0.tgz#5438cd2ea93b202efa3a19fe8887aee7c94f9c9d"
  integrity sha1-VDjNLqk7IC76Ohn+iIeu58lPnJ0=

wordwrap@0.0.2:
  version "0.0.2"
  resolved "https://registry.yarnpkg.com/wordwrap/-/wordwrap-0.0.2.tgz#b79669bb42ecb409f83d583cad52ca17eaa1643f"
  integrity sha1-t5Zpu0LstAn4PVg8rVLKF+qhZD8=

yargs@~3.10.0:
  version "3.10.0"
  resolved "https://registry.yarnpkg.com/yargs/-/yargs-3.10.0.tgz#f7ee7bd857dd7c1d2d38c0e74efbd681d1431fd1"
  integrity sha1-9+572FfdfB0tOMDnTvvWgdFDH9E=
  dependencies:
    camelcase "^1.0.2"
    cliui "^2.1.0"
    decamelize "^1.0.0"
    window-size "0.1.0"
